
Microsoft Visual Studio Solution File, Format Version 12.00
# Visual Studio 14
VisualStudioVersion = 14.0.25420.1
MinimumVisualStudioVersion = 10.0.40219.1
Project("{FAE04EC0-301F-11D3-BF4B-00C04F79EFBC}") = "DaleCloud.Application", "DaleCloud.Application\DaleCloud.Application.csproj", "{F2035EE2-B73D-4FB8-A433-CAB465DE6A2A}"
EndProject
Project("{2150E333-8FDC-42A3-9474-1A3956D46DE8}") = "Common", "Common", "{DE2A9A88-E15C-4E3D-AB28-B97879149854}"
EndProject
Project("{2150E333-8FDC-42A3-9474-1A3956D46DE8}") = "Web", "Web", "{748B2C30-CB38-49EE-AD5A-391272786FA7}"
EndProject
Project("{FAE04EC0-301F-11D3-BF4B-00C04F79EFBC}") = "DaleCloud.Web", "DaleCloud.Web\DaleCloud.Web.csproj", "{BEF1F2C9-1903-4AC4-93BD-08452BFA37A3}"
EndProject
Project("{FAE04EC0-301F-11D3-BF4B-00C04F79EFBC}") = "DaleCloud.Domain", "DaleCloud.Domain\DaleCloud.Domain.csproj", "{7DC886CD-B8A0-44E8-AADD-57FCB0CFECB8}"
EndProject
Project("{FAE04EC0-301F-11D3-BF4B-00C04F79EFBC}") = "DaleCloud.Code", "DaleCloud.Code\DaleCloud.Code.csproj", "{DB19CE03-C307-43FE-A209-08AA4AE10E21}"
EndProject
Project("{2150E333-8FDC-42A3-9474-1A3956D46DE8}") = "Domain", "Domain", "{F2C0CC86-CD58-4803-B43A-10FA559A355B}"
EndProject
Project("{FAE04EC0-301F-11D3-BF4B-00C04F79EFBC}") = "DaleCloud.Repository", "DaleCloud.Repository\DaleCloud.Repository.csproj", "{875233BF-EA15-49E0-9A9C-77884A897FF6}"
EndProject
Project("{FAE04EC0-301F-11D3-BF4B-00C04F79EFBC}") = "DaleCloud.DataBase", "DaleCloud.Data\DaleCloud.DataBase.csproj", "{F71003E8-A836-48F4-9DF6-DF9095CEBD18}"
EndProject
Project("{FAE04EC0-301F-11D3-BF4B-00C04F79EFBC}") = "DaleCloud.Mapping", "DaleCloud.Mapping\DaleCloud.Mapping.csproj", "{4E642CBE-F6C5-4CB9-9474-6B349652FE77}"
EndProject
Project("{2150E333-8FDC-42A3-9474-1A3956D46DE8}") = "DBUtility", "DBUtility", "{EFDA658A-4879-4B57-BC66-9EF32EF92771}"
EndProject
Project("{FAE04EC0-301F-11D3-BF4B-00C04F79EFBC}") = "DaleCloud.DBUtility", "DaleCloud.DBUtility\DaleCloud.DBUtility.csproj", "{2CFDFCA0-A3FC-4DDE-8448-1769A6E24825}"
EndProject
Project("{2150E333-8FDC-42A3-9474-1A3956D46DE8}") = "InterFace", "InterFace", "{D71111A8-4516-42E8-8D50-C7DA2DD029CF}"
EndProject
Project("{FAE04EC0-301F-11D3-BF4B-00C04F79EFBC}") = "DaleCloud.NetAliSms", "DaleCloud.NetAliSms\DaleCloud.NetAliSms.csproj", "{8AB2803C-949C-44E6-9A41-FE9626116D58}"
EndProject
Project("{FAE04EC0-301F-11D3-BF4B-00C04F79EFBC}") = "DaleCloud.WeixinMP", "DaleCloud.WeixinMP\DaleCloud.WeixinMP.csproj", "{20B8FB5A-4362-48F8-BD3A-245FDAF9BCAC}"
EndProject
Project("{FAE04EC0-301F-11D3-BF4B-00C04F79EFBC}") = "DaleCloud.Entity", "DaleCloud.Entity\DaleCloud.Entity.csproj", "{FCFC29E4-C3FD-4F3C-AAF1-60AC22889D30}"
EndProject
Project("{FAE04EC0-301F-11D3-BF4B-00C04F79EFBC}") = "DaleCloud.DingTalk", "DaleCloud.DingDing\DaleCloud.DingTalk.csproj", "{2036C349-0FC2-4C80-85CB-D033988E6D12}"
EndProject
Project("{FAE04EC0-301F-11D3-BF4B-00C04F79EFBC}") = "DaleCloud.SystemTask", "DaleCloud.SystemTask\DaleCloud.SystemTask.csproj", "{EC7230DC-98F2-43CC-A471-38EF0E3293CC}"
EndProject
Project("{2150E333-8FDC-42A3-9474-1A3956D46DE8}") = "Service", "Service", "{D07318E6-840C-4CD3-8AFD-38E8C602DB28}"
EndProject
Global
	GlobalSection(SolutionConfigurationPlatforms) = preSolution
		Debug|Any CPU = Debug|Any CPU
		Release|Any CPU = Release|Any CPU
	EndGlobalSection
	GlobalSection(ProjectConfigurationPlatforms) = postSolution
		{F2035EE2-B73D-4FB8-A433-CAB465DE6A2A}.Debug|Any CPU.ActiveCfg = Debug|Any CPU
		{F2035EE2-B73D-4FB8-A433-CAB465DE6A2A}.Debug|Any CPU.Build.0 = Debug|Any CPU
		{F2035EE2-B73D-4FB8-A433-CAB465DE6A2A}.Release|Any CPU.ActiveCfg = Release|Any CPU
		{F2035EE2-B73D-4FB8-A433-CAB465DE6A2A}.Release|Any CPU.Build.0 = Release|Any CPU
		{BEF1F2C9-1903-4AC4-93BD-08452BFA37A3}.Debug|Any CPU.ActiveCfg = Debug|Any CPU
		{BEF1F2C9-1903-4AC4-93BD-08452BFA37A3}.Debug|Any CPU.Build.0 = Debug|Any CPU
		{BEF1F2C9-1903-4AC4-93BD-08452BFA37A3}.Release|Any CPU.ActiveCfg = Release|Any CPU
		{BEF1F2C9-1903-4AC4-93BD-08452BFA37A3}.Release|Any CPU.Build.0 = Release|Any CPU
		{7DC886CD-B8A0-44E8-AADD-57FCB0CFECB8}.Debug|Any CPU.ActiveCfg = Debug|Any CPU
		{7DC886CD-B8A0-44E8-AADD-57FCB0CFECB8}.Debug|Any CPU.Build.0 = Debug|Any CPU
		{7DC886CD-B8A0-44E8-AADD-57FCB0CFECB8}.Release|Any CPU.ActiveCfg = Release|Any CPU
		{7DC886CD-B8A0-44E8-AADD-57FCB0CFECB8}.Release|Any CPU.Build.0 = Release|Any CPU
		{DB19CE03-C307-43FE-A209-08AA4AE10E21}.Debug|Any CPU.ActiveCfg = Debug|Any CPU
		{DB19CE03-C307-43FE-A209-08AA4AE10E21}.Debug|Any CPU.Build.0 = Debug|Any CPU
		{DB19CE03-C307-43FE-A209-08AA4AE10E21}.Release|Any CPU.ActiveCfg = Release|Any CPU
		{DB19CE03-C307-43FE-A209-08AA4AE10E21}.Release|Any CPU.Build.0 = Release|Any CPU
		{875233BF-EA15-49E0-9A9C-77884A897FF6}.Debug|Any CPU.ActiveCfg = Debug|Any CPU
		{875233BF-EA15-49E0-9A9C-77884A897FF6}.Debug|Any CPU.Build.0 = Debug|Any CPU
		{875233BF-EA15-49E0-9A9C-77884A897FF6}.Release|Any CPU.ActiveCfg = Release|Any CPU
		{875233BF-EA15-49E0-9A9C-77884A897FF6}.Release|Any CPU.Build.0 = Release|Any CPU
		{F71003E8-A836-48F4-9DF6-DF9095CEBD18}.Debug|Any CPU.ActiveCfg = Debug|Any CPU
		{F71003E8-A836-48F4-9DF6-DF9095CEBD18}.Debug|Any CPU.Build.0 = Debug|Any CPU
		{F71003E8-A836-48F4-9DF6-DF9095CEBD18}.Release|Any CPU.ActiveCfg = Release|Any CPU
		{F71003E8-A836-48F4-9DF6-DF9095CEBD18}.Release|Any CPU.Build.0 = Release|Any CPU
		{4E642CBE-F6C5-4CB9-9474-6B349652FE77}.Debug|Any CPU.ActiveCfg = Debug|Any CPU
		{4E642CBE-F6C5-4CB9-9474-6B349652FE77}.Debug|Any CPU.Build.0 = Debug|Any CPU
		{4E642CBE-F6C5-4CB9-9474-6B349652FE77}.Release|Any CPU.ActiveCfg = Release|Any CPU
		{4E642CBE-F6C5-4CB9-9474-6B349652FE77}.Release|Any CPU.Build.0 = Release|Any CPU
		{2CFDFCA0-A3FC-4DDE-8448-1769A6E24825}.Debug|Any CPU.ActiveCfg = Debug|Any CPU
		{2CFDFCA0-A3FC-4DDE-8448-1769A6E24825}.Debug|Any CPU.Build.0 = Debug|Any CPU
		{2CFDFCA0-A3FC-4DDE-8448-1769A6E24825}.Release|Any CPU.ActiveCfg = Release|Any CPU
		{2CFDFCA0-A3FC-4DDE-8448-1769A6E24825}.Release|Any CPU.Build.0 = Release|Any CPU
		{8AB2803C-949C-44E6-9A41-FE9626116D58}.Debug|Any CPU.ActiveCfg = Debug|Any CPU
		{8AB2803C-949C-44E6-9A41-FE9626116D58}.Debug|Any CPU.Build.0 = Debug|Any CPU
		{8AB2803C-949C-44E6-9A41-FE9626116D58}.Release|Any CPU.ActiveCfg = Release|Any CPU
		{8AB2803C-949C-44E6-9A41-FE9626116D58}.Release|Any CPU.Build.0 = Release|Any CPU
		{20B8FB5A-4362-48F8-BD3A-245FDAF9BCAC}.Debug|Any CPU.ActiveCfg = Debug|Any CPU
		{20B8FB5A-4362-48F8-BD3A-245FDAF9BCAC}.Debug|Any CPU.Build.0 = Debug|Any CPU
		{20B8FB5A-4362-48F8-BD3A-245FDAF9BCAC}.Release|Any CPU.ActiveCfg = Release|Any CPU
		{20B8FB5A-4362-48F8-BD3A-245FDAF9BCAC}.Release|Any CPU.Build.0 = Release|Any CPU
		{FCFC29E4-C3FD-4F3C-AAF1-60AC22889D30}.Debug|Any CPU.ActiveCfg = Debug|Any CPU
		{FCFC29E4-C3FD-4F3C-AAF1-60AC22889D30}.Debug|Any CPU.Build.0 = Debug|Any CPU
		{FCFC29E4-C3FD-4F3C-AAF1-60AC22889D30}.Release|Any CPU.ActiveCfg = Release|Any CPU
		{FCFC29E4-C3FD-4F3C-AAF1-60AC22889D30}.Release|Any CPU.Build.0 = Release|Any CPU
		{2036C349-0FC2-4C80-85CB-D033988E6D12}.Debug|Any CPU.ActiveCfg = Debug|Any CPU
		{2036C349-0FC2-4C80-85CB-D033988E6D12}.Debug|Any CPU.Build.0 = Debug|Any CPU
		{2036C349-0FC2-4C80-85CB-D033988E6D12}.Release|Any CPU.ActiveCfg = Release|Any CPU
		{2036C349-0FC2-4C80-85CB-D033988E6D12}.Release|Any CPU.Build.0 = Release|Any CPU
		{EC7230DC-98F2-43CC-A471-38EF0E3293CC}.Debug|Any CPU.ActiveCfg = Debug|Any CPU
		{EC7230DC-98F2-43CC-A471-38EF0E3293CC}.Debug|Any CPU.Build.0 = Debug|Any CPU
		{EC7230DC-98F2-43CC-A471-38EF0E3293CC}.Release|Any CPU.ActiveCfg = Release|Any CPU
		{EC7230DC-98F2-43CC-A471-38EF0E3293CC}.Release|Any CPU.Build.0 = Release|Any CPU
	EndGlobalSection
	GlobalSection(SolutionProperties) = preSolution
		HideSolutionNode = FALSE
	EndGlobalSection
	GlobalSection(NestedProjects) = preSolution
		{F2035EE2-B73D-4FB8-A433-CAB465DE6A2A} = {D07318E6-840C-4CD3-8AFD-38E8C602DB28}
		{BEF1F2C9-1903-4AC4-93BD-08452BFA37A3} = {748B2C30-CB38-49EE-AD5A-391272786FA7}
		{7DC886CD-B8A0-44E8-AADD-57FCB0CFECB8} = {F2C0CC86-CD58-4803-B43A-10FA559A355B}
		{DB19CE03-C307-43FE-A209-08AA4AE10E21} = {DE2A9A88-E15C-4E3D-AB28-B97879149854}
		{875233BF-EA15-49E0-9A9C-77884A897FF6} = {F2C0CC86-CD58-4803-B43A-10FA559A355B}
		{F71003E8-A836-48F4-9DF6-DF9095CEBD18} = {DE2A9A88-E15C-4E3D-AB28-B97879149854}
		{4E642CBE-F6C5-4CB9-9474-6B349652FE77} = {F2C0CC86-CD58-4803-B43A-10FA559A355B}
		{2CFDFCA0-A3FC-4DDE-8448-1769A6E24825} = {EFDA658A-4879-4B57-BC66-9EF32EF92771}
		{8AB2803C-949C-44E6-9A41-FE9626116D58} = {D71111A8-4516-42E8-8D50-C7DA2DD029CF}
		{20B8FB5A-4362-48F8-BD3A-245FDAF9BCAC} = {D71111A8-4516-42E8-8D50-C7DA2DD029CF}
		{FCFC29E4-C3FD-4F3C-AAF1-60AC22889D30} = {F2C0CC86-CD58-4803-B43A-10FA559A355B}
		{2036C349-0FC2-4C80-85CB-D033988E6D12} = {D71111A8-4516-42E8-8D50-C7DA2DD029CF}
		{EC7230DC-98F2-43CC-A471-38EF0E3293CC} = {D07318E6-840C-4CD3-8AFD-38E8C602DB28}
	EndGlobalSection
EndGlobal
